
Microsoft Visual Studio Solution File, Format Version 12.00
# Visual Studio Version 16
VisualStudioVersion = 16.0.32002.261
MinimumVisualStudioVersion = 10.0.40219.1
Project("{FAE04EC0-301F-11D3-BF4B-00C04F79EFBC}") = "Mechetiuc_Denisa_Lab12", "Mechetiuc_Denisa_Lab12.csproj", "{223D43E4-3138-4FA7-99C4-59CDC72585F0}"
EndProject
Project("{FAE04EC0-301F-11D3-BF4B-00C04F79EFBC}") = "Mechetiuc_Denisa_12.Android", "..\Mechetiuc_Denisa_12\Mechetiuc_Denisa_12.Android\Mechetiuc_Denisa_12.Android.csproj", "{EB422DF7-947B-46C1-9428-AD6492EB5996}"
EndProject
Project("{FAE04EC0-301F-11D3-BF4B-00C04F79EFBC}") = "Mechetiuc_Denisa_12.iOS", "..\Mechetiuc_Denisa_12\Mechetiuc_Denisa_12.iOS\Mechetiuc_Denisa_12.iOS.csproj", "{6CB18AF2-09AA-45D9-8434-B361603C4A49}"
EndProject
Project("{FAE04EC0-301F-11D3-BF4B-00C04F79EFBC}") = "Mechetiuc_Denisa_12", "..\Mechetiuc_Denisa_12\Mechetiuc_Denisa_12\Mechetiuc_Denisa_12.csproj", "{015A08A4-5D8A-4800-9757-FAFA5611B827}"
EndProject
Global
	GlobalSection(SolutionConfigurationPlatforms) = preSolution
		Debug|Any CPU = Debug|Any CPU
		Debug|iPhone = Debug|iPhone
		Debug|iPhoneSimulator = Debug|iPhoneSimulator
		Release|Any CPU = Release|Any CPU
		Release|iPhone = Release|iPhone
		Release|iPhoneSimulator = Release|iPhoneSimulator
	EndGlobalSection
	GlobalSection(ProjectConfigurationPlatforms) = postSolution
		{223D43E4-3138-4FA7-99C4-59CDC72585F0}.Debug|Any CPU.ActiveCfg = Debug|Any CPU
		{223D43E4-3138-4FA7-99C4-59CDC72585F0}.Debug|Any CPU.Build.0 = Debug|Any CPU
		{223D43E4-3138-4FA7-99C4-59CDC72585F0}.Debug|iPhone.ActiveCfg = Debug|Any CPU
		{223D43E4-3138-4FA7-99C4-59CDC72585F0}.Debug|iPhone.Build.0 = Debug|Any CPU
		{223D43E4-3138-4FA7-99C4-59CDC72585F0}.Debug|iPhoneSimulator.ActiveCfg = Debug|Any CPU
		{223D43E4-3138-4FA7-99C4-59CDC72585F0}.Debug|iPhoneSimulator.Build.0 = Debug|Any CPU
		{223D43E4-3138-4FA7-99C4-59CDC72585F0}.Release|Any CPU.ActiveCfg = Release|Any CPU
		{223D43E4-3138-4FA7-99C4-59CDC72585F0}.Release|Any CPU.Build.0 = Release|Any CPU
		{223D43E4-3138-4FA7-99C4-59CDC72585F0}.Release|iPhone.ActiveCfg = Release|Any CPU
		{223D43E4-3138-4FA7-99C4-59CDC72585F0}.Release|iPhone.Build.0 = Release|Any CPU
		{223D43E4-3138-4FA7-99C4-59CDC72585F0}.Release|iPhoneSimulator.ActiveCfg = Release|Any CPU
		{223D43E4-3138-4FA7-99C4-59CDC72585F0}.Release|iPhoneSimulator.Build.0 = Release|Any CPU
		{EB422DF7-947B-46C1-9428-AD6492EB5996}.Debug|Any CPU.ActiveCfg = Debug|Any CPU
		{EB422DF7-947B-46C1-9428-AD6492EB5996}.Debug|Any CPU.Build.0 = Debug|Any CPU
		{EB422DF7-947B-46C1-9428-AD6492EB5996}.Debug|Any CPU.Deploy.0 = Debug|Any CPU
		{EB422DF7-947B-46C1-9428-AD6492EB5996}.Debug|iPhone.ActiveCfg = Debug|Any CPU
		{EB422DF7-947B-46C1-9428-AD6492EB5996}.Debug|iPhone.Build.0 = Debug|Any CPU
		{EB422DF7-947B-46C1-9428-AD6492EB5996}.Debug|iPhone.Deploy.0 = Debug|Any CPU
		{EB422DF7-947B-46C1-9428-AD6492EB5996}.Debug|iPhoneSimulator.ActiveCfg = Debug|Any CPU
		{EB422DF7-947B-46C1-9428-AD6492EB5996}.Debug|iPhoneSimulator.Build.0 = Debug|Any CPU
		{EB422DF7-947B-46C1-9428-AD6492EB5996}.Debug|iPhoneSimulator.Deploy.0 = Debug|Any CPU
		{EB422DF7-947B-46C1-9428-AD6492EB5996}.Release|Any CPU.ActiveCfg = Release|Any CPU
		{EB422DF7-947B-46C1-9428-AD6492EB5996}.Release|Any CPU.Build.0 = Release|Any CPU
		{EB422DF7-947B-46C1-9428-AD6492EB5996}.Release|Any CPU.Deploy.0 = Release|Any CPU
		{EB422DF7-947B-46C1-9428-AD6492EB5996}.Release|iPhone.ActiveCfg = Release|Any CPU
		{EB422DF7-947B-46C1-9428-AD6492EB5996}.Release|iPhone.Build.0 = Release|Any CPU
		{EB422DF7-947B-46C1-9428-AD6492EB5996}.Release|iPhone.Deploy.0 = Release|Any CPU
		{EB422DF7-947B-46C1-9428-AD6492EB5996}.Release|iPhoneSimulator.ActiveCfg = Release|Any CPU
		{EB422DF7-947B-46C1-9428-AD6492EB5996}.Release|iPhoneSimulator.Build.0 = Release|Any CPU
		{EB422DF7-947B-46C1-9428-AD6492EB5996}.Release|iPhoneSimulator.Deploy.0 = Release|Any CPU
		{6CB18AF2-09AA-45D9-8434-B361603C4A49}.Debug|Any CPU.ActiveCfg = Debug|iPhoneSimulator
		{6CB18AF2-09AA-45D9-8434-B361603C4A49}.Debug|iPhone.ActiveCfg = Debug|iPhone
		{6CB18AF2-09AA-45D9-8434-B361603C4A49}.Debug|iPhone.Build.0 = Debug|iPhone
		{6CB18AF2-09AA-45D9-8434-B361603C4A49}.Debug|iPhoneSimulator.ActiveCfg = Debug|iPhoneSimulator
		{6CB18AF2-09AA-45D9-8434-B361603C4A49}.Debug|iPhoneSimulator.Build.0 = Debug|iPhoneSimulator
		{6CB18AF2-09AA-45D9-8434-B361603C4A49}.Release|Any CPU.ActiveCfg = Release|iPhoneSimulator
		{6CB18AF2-09AA-45D9-8434-B361603C4A49}.Release|iPhone.ActiveCfg = Release|iPhone
		{6CB18AF2-09AA-45D9-8434-B361603C4A49}.Release|iPhone.Build.0 = Release|iPhone
		{6CB18AF2-09AA-45D9-8434-B361603C4A49}.Release|iPhoneSimulator.ActiveCfg = Release|iPhoneSimulator
		{6CB18AF2-09AA-45D9-8434-B361603C4A49}.Release|iPhoneSimulator.Build.0 = Release|iPhoneSimulator
		{015A08A4-5D8A-4800-9757-FAFA5611B827}.Debug|Any CPU.ActiveCfg = Debug|Any CPU
		{015A08A4-5D8A-4800-9757-FAFA5611B827}.Debug|Any CPU.Build.0 = Debug|Any CPU
		{015A08A4-5D8A-4800-9757-FAFA5611B827}.Debug|iPhone.ActiveCfg = Debug|Any CPU
		{015A08A4-5D8A-4800-9757-FAFA5611B827}.Debug|iPhone.Build.0 = Debug|Any CPU
		{015A08A4-5D8A-4800-9757-FAFA5611B827}.Debug|iPhoneSimulator.ActiveCfg = Debug|Any CPU
		{015A08A4-5D8A-4800-9757-FAFA5611B827}.Debug|iPhoneSimulator.Build.0 = Debug|Any CPU
		{015A08A4-5D8A-4800-9757-FAFA5611B827}.Release|Any CPU.ActiveCfg = Release|Any CPU
		{015A08A4-5D8A-4800-9757-FAFA5611B827}.Release|Any CPU.Build.0 = Release|Any CPU
		{015A08A4-5D8A-4800-9757-FAFA5611B827}.Release|iPhone.ActiveCfg = Release|Any CPU
		{015A08A4-5D8A-4800-9757-FAFA5611B827}.Release|iPhone.Build.0 = Release|Any CPU
		{015A08A4-5D8A-4800-9757-FAFA5611B827}.Release|iPhoneSimulator.ActiveCfg = Release|Any CPU
		{015A08A4-5D8A-4800-9757-FAFA5611B827}.Release|iPhoneSimulator.Build.0 = Release|Any CPU
	EndGlobalSection
	GlobalSection(SolutionProperties) = preSolution
		HideSolutionNode = FALSE
	EndGlobalSection
	GlobalSection(ExtensibilityGlobals) = postSolution
		SolutionGuid = {445009E5-140B-438F-9BCC-9E6E20C8D143}
	EndGlobalSection
EndGlobal
